
Microsoft Visual Studio Solution File, Format Version 12.00
# Visual Studio Version 17
VisualStudioVersion = 17.10.35013.160
MinimumVisualStudioVersion = 10.0.40219.1
Project("{FAE04EC0-301F-11D3-BF4B-00C04F79EFBC}") = "DefenceSimulator", "DefenceSimulator\DefenceSimulator.csproj", "{29E9FE9B-AB34-45EA-9F1B-601700C74B48}"
EndProject
Global
	GlobalSection(SolutionConfigurationPlatforms) = preSolution
		Debug|Any CPU = Debug|Any CPU
		Release|Any CPU = Release|Any CPU
	EndGlobalSection
	GlobalSection(ProjectConfigurationPlatforms) = postSolution
		{29E9FE9B-AB34-45EA-9F1B-601700C74B48}.Debug|Any CPU.ActiveCfg = Debug|Any CPU
		{29E9FE9B-AB34-45EA-9F1B-601700C74B48}.Debug|Any CPU.Build.0 = Debug|Any CPU
		{29E9FE9B-AB34-45EA-9F1B-601700C74B48}.Release|Any CPU.ActiveCfg = Release|Any CPU
		{29E9FE9B-AB34-45EA-9F1B-601700C74B48}.Release|Any CPU.Build.0 = Release|Any CPU
	EndGlobalSection
	GlobalSection(SolutionProperties) = preSolution
		HideSolutionNode = FALSE
	EndGlobalSection
	GlobalSection(ExtensibilityGlobals) = postSolution
		SolutionGuid = {42CFAF3B-ABA8-45CA-A816-84C9659BB3D6}
	EndGlobalSection
EndGlobal
